// !$*UTF8*$!
{
	archiveVersion = 1;
	classes = {
	};
	objectVersion = 46;
	objects = {

/* Begin PBXBuildFile section */
		D3AE100E1953FFF800D5578F /* Foundation.framework in Frameworks */ = {isa = PBXBuildFile; fileRef = D3AE100D1953FFF800D5578F /* Foundation.framework */; };
		D3AE10101953FFF800D5578F /* CoreGraphics.framework in Frameworks */ = {isa = PBXBuildFile; fileRef = D3AE100F1953FFF800D5578F /* CoreGraphics.framework */; };
		D3AE10121953FFF800D5578F /* UIKit.framework in Frameworks */ = {isa = PBXBuildFile; fileRef = D3AE10111953FFF800D5578F /* UIKit.framework */; };
		D3AE10181953FFF800D5578F /* InfoPlist.strings in Resources */ = {isa = PBXBuildFile; fileRef = D3AE10161953FFF800D5578F /* InfoPlist.strings */; };
		D3AE101A1953FFF800D5578F /* main.m in Sources */ = {isa = PBXBuildFile; fileRef = D3AE10191953FFF800D5578F /* main.m */; };
		D3AE101E1953FFF800D5578F /* FSAppDelegate.m in Sources */ = {isa = PBXBuildFile; fileRef = D3AE101D1953FFF800D5578F /* FSAppDelegate.m */; };
		D3AE10211953FFF800D5578F /* Main_iPhone.storyboard in Resources */ = {isa = PBXBuildFile; fileRef = D3AE101F1953FFF800D5578F /* Main_iPhone.storyboard */; };
		D3AE10241953FFF800D5578F /* Main_iPad.storyboard in Resources */ = {isa = PBXBuildFile; fileRef = D3AE10221953FFF800D5578F /* Main_iPad.storyboard */; };
		D3AE10271953FFF800D5578F /* FSViewController.m in Sources */ = {isa = PBXBuildFile; fileRef = D3AE10261953FFF800D5578F /* FSViewController.m */; };
		D3AE10291953FFF800D5578F /* Images.xcassets in Resources */ = {isa = PBXBuildFile; fileRef = D3AE10281953FFF800D5578F /* Images.xcassets */; };
		D3AE10301953FFF800D5578F /* XCTest.framework in Frameworks */ = {isa = PBXBuildFile; fileRef = D3AE102F1953FFF800D5578F /* XCTest.framework */; };
		D3AE10311953FFF800D5578F /* Foundation.framework in Frameworks */ = {isa = PBXBuildFile; fileRef = D3AE100D1953FFF800D5578F /* Foundation.framework */; };
		D3AE10321953FFF800D5578F /* UIKit.framework in Frameworks */ = {isa = PBXBuildFile; fileRef = D3AE10111953FFF800D5578F /* UIKit.framework */; };
		D3AE103A1953FFF800D5578F /* InfoPlist.strings in Resources */ = {isa = PBXBuildFile; fileRef = D3AE10381953FFF800D5578F /* InfoPlist.strings */; };
		D3AE103C1953FFF800D5578F /* gscTests.m in Sources */ = {isa = PBXBuildFile; fileRef = D3AE103B1953FFF800D5578F /* gscTests.m */; };
/* End PBXBuildFile section */

/* Begin PBXContainerItemProxy section */
		D3AE10331953FFF800D5578F /* PBXContainerItemProxy */ = {
			isa = PBXContainerItemProxy;
			containerPortal = D3AE10021953FFF800D5578F /* Project object */;
			proxyType = 1;
			remoteGlobalIDString = D3AE10091953FFF800D5578F;
			remoteInfo = gsc;
		};
/* End PBXContainerItemProxy section */

/* Begin PBXFileReference section */
		D3AE100A1953FFF800D5578F /* gsc.app */ = {isa = PBXFileReference; explicitFileType = wrapper.application; includeInIndex = 0; path = gsc.app; sourceTree = BUILT_PRODUCTS_DIR; };
		D3AE100D1953FFF800D5578F /* Foundation.framework */ = {isa = PBXFileReference; lastKnownFileType = wrapper.framework; name = Foundation.framework; path = System/Library/Frameworks/Foundation.framework; sourceTree = SDKROOT; };
		D3AE100F1953FFF800D5578F /* CoreGraphics.framework */ = {isa = PBXFileReference; lastKnownFileType = wrapper.framework; name = CoreGraphics.framework; path = System/Library/Frameworks/CoreGraphics.framework; sourceTree = SDKROOT; };
		D3AE10111953FFF800D5578F /* UIKit.framework */ = {isa = PBXFileReference; lastKnownFileType = wrapper.framework; name = UIKit.framework; path = System/Library/Frameworks/UIKit.framework; sourceTree = SDKROOT; };
		D3AE10151953FFF800D5578F /* gsc-Info.plist */ = {isa = PBXFileReference; lastKnownFileType = text.plist.xml; path = "gsc-Info.plist"; sourceTree = "<group>"; };
		D3AE10171953FFF800D5578F /* en */ = {isa = PBXFileReference; lastKnownFileType = text.plist.strings; name = en; path = en.lproj/InfoPlist.strings; sourceTree = "<group>"; };
		D3AE10191953FFF800D5578F /* main.m */ = {isa = PBXFileReference; lastKnownFileType = sourcecode.c.objc; path = main.m; sourceTree = "<group>"; };
		D3AE101B1953FFF800D5578F /* gsc-Prefix.pch */ = {isa = PBXFileReference; lastKnownFileType = sourcecode.c.h; path = "gsc-Prefix.pch"; sourceTree = "<group>"; };
		D3AE101C1953FFF800D5578F /* FSAppDelegate.h */ = {isa = PBXFileReference; lastKnownFileType = sourcecode.c.h; path = FSAppDelegate.h; sourceTree = "<group>"; };
		D3AE101D1953FFF800D5578F /* FSAppDelegate.m */ = {isa = PBXFileReference; lastKnownFileType = sourcecode.c.objc; path = FSAppDelegate.m; sourceTree = "<group>"; };
		D3AE10201953FFF800D5578F /* Base */ = {isa = PBXFileReference; lastKnownFileType = file.storyboard; name = Base; path = Base.lproj/Main_iPhone.storyboard; sourceTree = "<group>"; };
		D3AE10231953FFF800D5578F /* Base */ = {isa = PBXFileReference; lastKnownFileType = file.storyboard; name = Base; path = Base.lproj/Main_iPad.storyboard; sourceTree = "<group>"; };
		D3AE10251953FFF800D5578F /* FSViewController.h */ = {isa = PBXFileReference; lastKnownFileType = sourcecode.c.h; path = FSViewController.h; sourceTree = "<group>"; };
		D3AE10261953FFF800D5578F /* FSViewController.m */ = {isa = PBXFileReference; lastKnownFileType = sourcecode.c.objc; path = FSViewController.m; sourceTree = "<group>"; };
		D3AE10281953FFF800D5578F /* Images.xcassets */ = {isa = PBXFileReference; lastKnownFileType = folder.assetcatalog; path = Images.xcassets; sourceTree = "<group>"; };
		D3AE102E1953FFF800D5578F /* gscTests.xctest */ = {isa = PBXFileReference; explicitFileType = wrapper.cfbundle; includeInIndex = 0; path = gscTests.xctest; sourceTree = BUILT_PRODUCTS_DIR; };
		D3AE102F1953FFF800D5578F /* XCTest.framework */ = {isa = PBXFileReference; lastKnownFileType = wrapper.framework; name = XCTest.framework; path = Library/Frameworks/XCTest.framework; sourceTree = DEVELOPER_DIR; };
		D3AE10371953FFF800D5578F /* gscTests-Info.plist */ = {isa = PBXFileReference; lastKnownFileType = text.plist.xml; path = "gscTests-Info.plist"; sourceTree = "<group>"; };
		D3AE10391953FFF800D5578F /* en */ = {isa = PBXFileReference; lastKnownFileType = text.plist.strings; name = en; path = en.lproj/InfoPlist.strings; sourceTree = "<group>"; };
		D3AE103B1953FFF800D5578F /* gscTests.m */ = {isa = PBXFileReference; lastKnownFileType = sourcecode.c.objc; path = gscTests.m; sourceTree = "<group>"; };
/* End PBXFileReference section */

/* Begin PBXFrameworksBuildPhase section */
		D3AE10071953FFF800D5578F /* Frameworks */ = {
			isa = PBXFrameworksBuildPhase;
			buildActionMask = 2147483647;
			files = (
				D3AE10101953FFF800D5578F /* CoreGraphics.framework in Frameworks */,
				D3AE10121953FFF800D5578F /* UIKit.framework in Frameworks */,
				D3AE100E1953FFF800D5578F /* Foundation.framework in Frameworks */,
			);
			runOnlyForDeploymentPostprocessing = 0;
		};
		D3AE102B1953FFF800D5578F /* Frameworks */ = {
			isa = PBXFrameworksBuildPhase;
			buildActionMask = 2147483647;
			files = (
				D3AE10301953FFF800D5578F /* XCTest.framework in Frameworks */,
				D3AE10321953FFF800D5578F /* UIKit.framework in Frameworks */,
				D3AE10311953FFF800D5578F /* Foundation.framework in Frameworks */,
			);
			runOnlyForDeploymentPostprocessing = 0;
		};
/* End PBXFrameworksBuildPhase section */

/* Begin PBXGroup section */
		D3AE10011953FFF800D5578F = {
			isa = PBXGroup;
			children = (
				D3AE10131953FFF800D5578F /* gsc */,
				D3AE10351953FFF800D5578F /* gscTests */,
				D3AE100C1953FFF800D5578F /* Frameworks */,
				D3AE100B1953FFF800D5578F /* Products */,
			);
			sourceTree = "<group>";
		};
		D3AE100B1953FFF800D5578F /* Products */ = {
			isa = PBXGroup;
			children = (
				D3AE100A1953FFF800D5578F /* gsc.app */,
				D3AE102E1953FFF800D5578F /* gscTests.xctest */,
			);
			name = Products;
			sourceTree = "<group>";
		};
		D3AE100C1953FFF800D5578F /* Frameworks */ = {
			isa = PBXGroup;
			children = (
				D3AE100D1953FFF800D5578F /* Foundation.framework */,
				D3AE100F1953FFF800D5578F /* CoreGraphics.framework */,
				D3AE10111953FFF800D5578F /* UIKit.framework */,
				D3AE102F1953FFF800D5578F /* XCTest.framework */,
			);
			name = Frameworks;
			sourceTree = "<group>";
		};
		D3AE10131953FFF800D5578F /* gsc */ = {
			isa = PBXGroup;
			children = (
				D3AE101C1953FFF800D5578F /* FSAppDelegate.h */,
				D3AE101D1953FFF800D5578F /* FSAppDelegate.m */,
				D3AE101F1953FFF800D5578F /* Main_iPhone.storyboard */,
				D3AE10221953FFF800D5578F /* Main_iPad.storyboard */,
				D3AE10251953FFF800D5578F /* FSViewController.h */,
				D3AE10261953FFF800D5578F /* FSViewController.m */,
				D3AE10281953FFF800D5578F /* Images.xcassets */,
				D3AE10141953FFF800D5578F /* Supporting Files */,
			);
			path = gsc;
			sourceTree = "<group>";
		};
		D3AE10141953FFF800D5578F /* Supporting Files */ = {
			isa = PBXGroup;
			children = (
				D3AE10151953FFF800D5578F /* gsc-Info.plist */,
				D3AE10161953FFF800D5578F /* InfoPlist.strings */,
				D3AE10191953FFF800D5578F /* main.m */,
				D3AE101B1953FFF800D5578F /* gsc-Prefix.pch */,
			);
			name = "Supporting Files";
			sourceTree = "<group>";
		};
		D3AE10351953FFF800D5578F /* gscTests */ = {
			isa = PBXGroup;
			children = (
				D3AE103B1953FFF800D5578F /* gscTests.m */,
				D3AE10361953FFF800D5578F /* Supporting Files */,
			);
			path = gscTests;
			sourceTree = "<group>";
		};
		D3AE10361953FFF800D5578F /* Supporting Files */ = {
			isa = PBXGroup;
			children = (
				D3AE10371953FFF800D5578F /* gscTests-Info.plist */,
				D3AE10381953FFF800D5578F /* InfoPlist.strings */,
			);
			name = "Supporting Files";
			sourceTree = "<group>";
		};
/* End PBXGroup section */

/* Begin PBXNativeTarget section */
		D3AE10091953FFF800D5578F /* gsc */ = {
			isa = PBXNativeTarget;
			buildConfigurationList = D3AE103F1953FFF800D5578F /* Build configuration list for PBXNativeTarget "gsc" */;
			buildPhases = (
				D3AE10061953FFF800D5578F /* Sources */,
				D3AE10071953FFF800D5578F /* Frameworks */,
				D3AE10081953FFF800D5578F /* Resources */,
			);
			buildRules = (
			);
			dependencies = (
			);
			name = gsc;
			productName = gsc;
			productReference = D3AE100A1953FFF800D5578F /* gsc.app */;
			productType = "com.apple.product-type.application";
		};
		D3AE102D1953FFF800D5578F /* gscTests */ = {
			isa = PBXNativeTarget;
			buildConfigurationList = D3AE10421953FFF800D5578F /* Build configuration list for PBXNativeTarget "gscTests" */;
			buildPhases = (
				D3AE102A1953FFF800D5578F /* Sources */,
				D3AE102B1953FFF800D5578F /* Frameworks */,
				D3AE102C1953FFF800D5578F /* Resources */,
			);
			buildRules = (
			);
			dependencies = (
				D3AE10341953FFF800D5578F /* PBXTargetDependency */,
			);
			name = gscTests;
			productName = gscTests;
			productReference = D3AE102E1953FFF800D5578F /* gscTests.xctest */;
			productType = "com.apple.product-type.bundle.unit-test";
		};
/* End PBXNativeTarget section */

/* Begin PBXProject section */
		D3AE10021953FFF800D5578F /* Project object */ = {
			isa = PBXProject;
			attributes = {
				CLASSPREFIX = FS;
				LastUpgradeCheck = 0510;
				ORGANIZATIONNAME = "Fuleco studio";
				TargetAttributes = {
					D3AE102D1953FFF800D5578F = {
						TestTargetID = D3AE10091953FFF800D5578F;
					};
				};
			};
			buildConfigurationList = D3AE10051953FFF800D5578F /* Build configuration list for PBXProject "gsc" */;
			compatibilityVersion = "Xcode 3.2";
			developmentRegion = English;
			hasScannedForEncodings = 0;
			knownRegions = (
				en,
				Base,
			);
			mainGroup = D3AE10011953FFF800D5578F;
			productRefGroup = D3AE100B1953FFF800D5578F /* Products */;
			projectDirPath = "";
			projectRoot = "";
			targets = (
				D3AE10091953FFF800D5578F /* gsc */,
				D3AE102D1953FFF800D5578F /* gscTests */,
			);
		};
/* End PBXProject section */

/* Begin PBXResourcesBuildPhase section */
		D3AE10081953FFF800D5578F /* Resources */ = {
			isa = PBXResourcesBuildPhase;
			buildActionMask = 2147483647;
			files = (
				D3AE10241953FFF800D5578F /* Main_iPad.storyboard in Resources */,
				D3AE10291953FFF800D5578F /* Images.xcassets in Resources */,
				D3AE10211953FFF800D5578F /* Main_iPhone.storyboard in Resources */,
				D3AE10181953FFF800D5578F /* InfoPlist.strings in Resources */,
			);
			runOnlyForDeploymentPostprocessing = 0;
		};
		D3AE102C1953FFF800D5578F /* Resources */ = {
			isa = PBXResourcesBuildPhase;
			buildActionMask = 2147483647;
			files = (
				D3AE103A1953FFF800D5578F /* InfoPlist.strings in Resources */,
			);
			runOnlyForDeploymentPostprocessing = 0;
		};
/* End PBXResourcesBuildPhase section */

/* Begin PBXSourcesBuildPhase section */
		D3AE10061953FFF800D5578F /* Sources */ = {
			isa = PBXSourcesBuildPhase;
			buildActionMask = 2147483647;
			files = (
				D3AE101A1953FFF800D5578F /* main.m in Sources */,
				D3AE101E1953FFF800D5578F /* FSAppDelegate.m in Sources */,
				D3AE10271953FFF800D5578F /* FSViewController.m in Sources */,
			);
			runOnlyForDeploymentPostprocessing = 0;
		};
		D3AE102A1953FFF800D5578F /* Sources */ = {
			isa = PBXSourcesBuildPhase;
			buildActionMask = 2147483647;
			files = (
				D3AE103C1953FFF800D5578F /* gscTests.m in Sources */,
			);
			runOnlyForDeploymentPostprocessing = 0;
		};
/* End PBXSourcesBuildPhase section */

/* Begin PBXTargetDependency section */
		D3AE10341953FFF800D5578F /* PBXTargetDependency */ = {
			isa = PBXTargetDependency;
			target = D3AE10091953FFF800D5578F /* gsc */;
			targetProxy = D3AE10331953FFF800D5578F /* PBXContainerItemProxy */;
		};
/* End PBXTargetDependency section */

/* Begin PBXVariantGroup section */
		D3AE10161953FFF800D5578F /* InfoPlist.strings */ = {
			isa = PBXVariantGroup;
			children = (
				D3AE10171953FFF800D5578F /* en */,
			);
			name = InfoPlist.strings;
			sourceTree = "<group>";
		};
		D3AE101F1953FFF800D5578F /* Main_iPhone.storyboard */ = {
			isa = PBXVariantGroup;
			children = (
				D3AE10201953FFF800D5578F /* Base */,
			);
			name = Main_iPhone.storyboard;
			sourceTree = "<group>";
		};
		D3AE10221953FFF800D5578F /* Main_iPad.storyboard */ = {
			isa = PBXVariantGroup;
			children = (
				D3AE10231953FFF800D5578F /* Base */,
			);
			name = Main_iPad.storyboard;
			sourceTree = "<group>";
		};
		D3AE10381953FFF800D5578F /* InfoPlist.strings */ = {
			isa = PBXVariantGroup;
			children = (
				D3AE10391953FFF800D5578F /* en */,
			);
			name = InfoPlist.strings;
			sourceTree = "<group>";
		};
/* End PBXVariantGroup section */

/* Begin XCBuildConfiguration section */
		D3AE103D1953FFF800D5578F /* Debug */ = {
			isa = XCBuildConfiguration;
			buildSettings = {
				ALWAYS_SEARCH_USER_PATHS = NO;
				CLANG_CXX_LANGUAGE_STANDARD = "gnu++0x";
				CLANG_CXX_LIBRARY = "libc++";
				CLANG_ENABLE_MODULES = YES;
				CLANG_ENABLE_OBJC_ARC = YES;
				CLANG_WARN_BOOL_CONVERSION = YES;
				CLANG_WARN_CONSTANT_CONVERSION = YES;
				CLANG_WARN_DIRECT_OBJC_ISA_USAGE = YES_ERROR;
				CLANG_WARN_EMPTY_BODY = YES;
				CLANG_WARN_ENUM_CONVERSION = YES;
				CLANG_WARN_INT_CONVERSION = YES;
				CLANG_WARN_OBJC_ROOT_CLASS = YES_ERROR;
				CLANG_WARN__DUPLICATE_METHOD_MATCH = YES;
				"CODE_SIGN_IDENTITY[sdk=iphoneos*]" = "iPhone Developer";
				COPY_PHASE_STRIP = NO;
				GCC_C_LANGUAGE_STANDARD = gnu99;
				GCC_DYNAMIC_NO_PIC = NO;
				GCC_OPTIMIZATION_LEVEL = 0;
				GCC_PREPROCESSOR_DEFINITIONS = (
					"DEBUG=1",
					"$(inherited)",
				);
				GCC_SYMBOLS_PRIVATE_EXTERN = NO;
				GCC_WARN_64_TO_32_BIT_CONVERSION = YES;
				GCC_WARN_ABOUT_RETURN_TYPE = YES_ERROR;
				GCC_WARN_UNDECLARED_SELECTOR = YES;
				GCC_WARN_UNINITIALIZED_AUTOS = YES_AGGRESSIVE;
				GCC_WARN_UNUSED_FUNCTION = YES;
				GCC_WARN_UNUSED_VARIABLE = YES;
				IPHONEOS_DEPLOYMENT_TARGET = 7.1;
				ONLY_ACTIVE_ARCH = YES;
				SDKROOT = iphoneos;
				TARGETED_DEVICE_FAMILY = "1,2";
			};
			name = Debug;
		};
		D3AE103E1953FFF800D5578F /* Release */ = {
			isa = XCBuildConfiguration;
			buildSettings = {
				ALWAYS_SEARCH_USER_PATHS = NO;
				CLANG_CXX_LANGUAGE_STANDARD = "gnu++0x";
				CLANG_CXX_LIBRARY = "libc++";
				CLANG_ENABLE_MODULES = YES;
				CLANG_ENABLE_OBJC_ARC = YES;
				CLANG_WARN_BOOL_CONVERSION = YES;
				CLANG_WARN_CONSTANT_CONVERSION = YES;
				CLANG_WARN_DIRECT_OBJC_ISA_USAGE = YES_ERROR;
				CLANG_WARN_EMPTY_BODY = YES;
				CLANG_WARN_ENUM_CONVERSION = YES;
				CLANG_WARN_INT_CONVERSION = YES;
				CLANG_WARN_OBJC_ROOT_CLASS = YES_ERROR;
				CLANG_WARN__DUPLICATE_METHOD_MATCH = YES;
				"CODE_SIGN_IDENTITY[sdk=iphoneos*]" = "iPhone Developer";
				COPY_PHASE_STRIP = YES;
				ENABLE_NS_ASSERTIONS = NO;
				GCC_C_LANGUAGE_STANDARD = gnu99;
				GCC_WARN_64_TO_32_BIT_CONVERSION = YES;
				GCC_WARN_ABOUT_RETURN_TYPE = YES_ERROR;
				GCC_WARN_UNDECLARED_SELECTOR = YES;
				GCC_WARN_UNINITIALIZED_AUTOS = YES_AGGRESSIVE;
				GCC_WARN_UNUSED_FUNCTION = YES;
				GCC_WARN_UNUSED_VARIABLE = YES;
				IPHONEOS_DEPLOYMENT_TARGET = 7.1;
				SDKROOT = iphoneos;
				TARGETED_DEVICE_FAMILY = "1,2";
				VALIDATE_PRODUCT = YES;
			};
			name = Release;
		};
		D3AE10401953FFF800D5578F /* Debug */ = {
			isa = XCBuildConfiguration;
			buildSettings = {
				ASSETCATALOG_COMPILER_APPICON_NAME = AppIcon;
				ASSETCATALOG_COMPILER_LAUNCHIMAGE_NAME = LaunchImage;
				GCC_PRECOMPILE_PREFIX_HEADER = YES;
				GCC_PREFIX_HEADER = "gsc/gsc-Prefix.pch";
				INFOPLIST_FILE = "gsc/gsc-Info.plist";
				PRODUCT_NAME = "$(TARGET_NAME)";
				WRAPPER_EXTENSION = app;
			};
			name = Debug;
		};
		D3AE10411953FFF800D5578F /* Release */ = {
			isa = XCBuildConfiguration;
			buildSettings = {
				ASSETCATALOG_COMPILER_APPICON_NAME = AppIcon;
				ASSETCATALOG_COMPILER_LAUNCHIMAGE_NAME = LaunchImage;
				GCC_PRECOMPILE_PREFIX_HEADER = YES;
				GCC_PREFIX_HEADER = "gsc/gsc-Prefix.pch";
				INFOPLIST_FILE = "gsc/gsc-Info.plist";
				PRODUCT_NAME = "$(TARGET_NAME)";
				WRAPPER_EXTENSION = app;
			};
			name = Release;
		};
		D3AE10431953FFF800D5578F /* Debug */ = {
			isa = XCBuildConfiguration;
			buildSettings = {
				BUNDLE_LOADER = "$(BUILT_PRODUCTS_DIR)/gsc.app/gsc";
				FRAMEWORK_SEARCH_PATHS = (
					"$(SDKROOT)/Developer/Library/Frameworks",
					"$(inherited)",
					"$(DEVELOPER_FRAMEWORKS_DIR)",
				);
				GCC_PRECOMPILE_PREFIX_HEADER = YES;
				GCC_PREFIX_HEADER = "gsc/gsc-Prefix.pch";
				GCC_PREPROCESSOR_DEFINITIONS = (
					"DEBUG=1",
					"$(inherited)",
				);
				INFOPLIST_FILE = "gscTests/gscTests-Info.plist";
				PRODUCT_NAME = "$(TARGET_NAME)";
				TEST_HOST = "$(BUNDLE_LOADER)";
				WRAPPER_EXTENSION = xctest;
			};
			name = Debug;
		};
		D3AE10441953FFF800D5578F /* Release */ = {
			isa = XCBuildConfiguration;
			buildSettings = {
				BUNDLE_LOADER = "$(BUILT_PRODUCTS_DIR)/gsc.app/gsc";
				FRAMEWORK_SEARCH_PATHS = (
					"$(SDKROOT)/Developer/Library/Frameworks",
					"$(inherited)",
					"$(DEVELOPER_FRAMEWORKS_DIR)",
				);
				GCC_PRECOMPILE_PREFIX_HEADER = YES;
				GCC_PREFIX_HEADER = "gsc/gsc-Prefix.pch";
				INFOPLIST_FILE = "gscTests/gscTests-Info.plist";
				PRODUCT_NAME = "$(TARGET_NAME)";
				TEST_HOST = "$(BUNDLE_LOADER)";
				WRAPPER_EXTENSION = xctest;
			};
			name = Release;
		};
/* End XCBuildConfiguration section */

/* Begin XCConfigurationList section */
		D3AE10051953FFF800D5578F /* Build configuration list for PBXProject "gsc" */ = {
			isa = XCConfigurationList;
			buildConfigurations = (
				D3AE103D1953FFF800D5578F /* Debug */,
				D3AE103E1953FFF800D5578F /* Release */,
			);
			defaultConfigurationIsVisible = 0;
			defaultConfigurationName = Release;
		};
		D3AE103F1953FFF800D5578F /* Build configuration list for PBXNativeTarget "gsc" */ = {
			isa = XCConfigurationList;
			buildConfigurations = (
				D3AE10401953FFF800D5578F /* Debug */,
				D3AE10411953FFF800D5578F /* Release */,
			);
			defaultConfigurationIsVisible = 0;
		};
		D3AE10421953FFF800D5578F /* Build configuration list for PBXNativeTarget "gscTests" */ = {
			isa = XCConfigurationList;
			buildConfigurations = (
				D3AE10431953FFF800D5578F /* Debug */,
				D3AE10441953FFF800D5578F /* Release */,
			);
			defaultConfigurationIsVisible = 0;
		};
/* End XCConfigurationList section */
	};
	rootObject = D3AE10021953FFF800D5578F /* Project object */;
}
