// !$*UTF8*$!
{
	archiveVersion = 1;
	classes = {
	};
	objectVersion = 46;
	objects = {

/* Begin PBXBuildFile section */
		D3A4DD6A19654C6300748FBC /* MMDrawerBarButtonItem.m in Sources */ = {isa = PBXBuildFile; fileRef = D3A4DD6319654C6300748FBC /* MMDrawerBarButtonItem.m */; };
		D3A4DD6B19654C6300748FBC /* MMDrawerController.m in Sources */ = {isa = PBXBuildFile; fileRef = D3A4DD6519654C6300748FBC /* MMDrawerController.m */; };
		D3A4DD6C19654C6300748FBC /* MMDrawerVisualState.m in Sources */ = {isa = PBXBuildFile; fileRef = D3A4DD6719654C6300748FBC /* MMDrawerVisualState.m */; };
		D3A4DD6D19654C6300748FBC /* UIViewController+MMDrawerController.m in Sources */ = {isa = PBXBuildFile; fileRef = D3A4DD6919654C6300748FBC /* UIViewController+MMDrawerController.m */; };
		D3A4DD7019654FA600748FBC /* FSMenuViewController.m in Sources */ = {isa = PBXBuildFile; fileRef = D3A4DD6F19654FA600748FBC /* FSMenuViewController.m */; };
		D3A4DD7319655D1900748FBC /* MMExampleDrawerVisualStateManager.m in Sources */ = {isa = PBXBuildFile; fileRef = D3A4DD7219655D1900748FBC /* MMExampleDrawerVisualStateManager.m */; };
		D3AACBA81963E64800CEC893 /* OBShapedButton.m in Sources */ = {isa = PBXBuildFile; fileRef = D3AACBA71963E64800CEC893 /* OBShapedButton.m */; };
		D3AACBAC1963E6D700CEC893 /* FSHomeViewController.m in Sources */ = {isa = PBXBuildFile; fileRef = D3AACBAB1963E6D700CEC893 /* FSHomeViewController.m */; };
		D3AACBBB1963E92D00CEC893 /* UILabel+attributed.m in Sources */ = {isa = PBXBuildFile; fileRef = D3AACBB01963E92D00CEC893 /* UILabel+attributed.m */; };
		D3AACBBC1963E92D00CEC893 /* UIButton+Block.m in Sources */ = {isa = PBXBuildFile; fileRef = D3AACBB21963E92D00CEC893 /* UIButton+Block.m */; };
		D3AACBBD1963E92D00CEC893 /* UIAlertView+Block.m in Sources */ = {isa = PBXBuildFile; fileRef = D3AACBB41963E92D00CEC893 /* UIAlertView+Block.m */; };
		D3AACBBE1963E92D00CEC893 /* NSString+size.m in Sources */ = {isa = PBXBuildFile; fileRef = D3AACBB61963E92D00CEC893 /* NSString+size.m */; };
		D3AACBC01963E92D00CEC893 /* NSObject+Objects.m in Sources */ = {isa = PBXBuildFile; fileRef = D3AACBBA1963E92D00CEC893 /* NSObject+Objects.m */; };
		D3AACBC31963EF2100CEC893 /* UIImage+ColorAtPixel.m in Sources */ = {isa = PBXBuildFile; fileRef = D3AACBC21963EF2100CEC893 /* UIImage+ColorAtPixel.m */; };
		D3AE100E1953FFF800D5578F /* Foundation.framework in Frameworks */ = {isa = PBXBuildFile; fileRef = D3AE100D1953FFF800D5578F /* Foundation.framework */; };
		D3AE10101953FFF800D5578F /* CoreGraphics.framework in Frameworks */ = {isa = PBXBuildFile; fileRef = D3AE100F1953FFF800D5578F /* CoreGraphics.framework */; };
		D3AE10121953FFF800D5578F /* UIKit.framework in Frameworks */ = {isa = PBXBuildFile; fileRef = D3AE10111953FFF800D5578F /* UIKit.framework */; };
		D3AE10181953FFF800D5578F /* InfoPlist.strings in Resources */ = {isa = PBXBuildFile; fileRef = D3AE10161953FFF800D5578F /* InfoPlist.strings */; };
		D3AE101A1953FFF800D5578F /* main.m in Sources */ = {isa = PBXBuildFile; fileRef = D3AE10191953FFF800D5578F /* main.m */; };
		D3AE101E1953FFF800D5578F /* FSAppDelegate.m in Sources */ = {isa = PBXBuildFile; fileRef = D3AE101D1953FFF800D5578F /* FSAppDelegate.m */; };
		D3AE10211953FFF800D5578F /* Main_iPhone.storyboard in Resources */ = {isa = PBXBuildFile; fileRef = D3AE101F1953FFF800D5578F /* Main_iPhone.storyboard */; };
		D3AE10241953FFF800D5578F /* Main_iPad.storyboard in Resources */ = {isa = PBXBuildFile; fileRef = D3AE10221953FFF800D5578F /* Main_iPad.storyboard */; };
		D3AE10271953FFF800D5578F /* FSViewController.m in Sources */ = {isa = PBXBuildFile; fileRef = D3AE10261953FFF800D5578F /* FSViewController.m */; };
		D3AE10291953FFF800D5578F /* Images.xcassets in Resources */ = {isa = PBXBuildFile; fileRef = D3AE10281953FFF800D5578F /* Images.xcassets */; };
		D3AE10301953FFF800D5578F /* XCTest.framework in Frameworks */ = {isa = PBXBuildFile; fileRef = D3AE102F1953FFF800D5578F /* XCTest.framework */; };
		D3AE10311953FFF800D5578F /* Foundation.framework in Frameworks */ = {isa = PBXBuildFile; fileRef = D3AE100D1953FFF800D5578F /* Foundation.framework */; };
		D3AE10321953FFF800D5578F /* UIKit.framework in Frameworks */ = {isa = PBXBuildFile; fileRef = D3AE10111953FFF800D5578F /* UIKit.framework */; };
		D3AE103A1953FFF800D5578F /* InfoPlist.strings in Resources */ = {isa = PBXBuildFile; fileRef = D3AE10381953FFF800D5578F /* InfoPlist.strings */; };
		D3AE103C1953FFF800D5578F /* gscTests.m in Sources */ = {isa = PBXBuildFile; fileRef = D3AE103B1953FFF800D5578F /* gscTests.m */; };
		D3AE104C1954025A00D5578F /* BmobSDK.framework in Frameworks */ = {isa = PBXBuildFile; fileRef = D3AE104B1954025A00D5578F /* BmobSDK.framework */; };
		D3AE104E195402A300D5578F /* SystemConfiguration.framework in Frameworks */ = {isa = PBXBuildFile; fileRef = D3AE104D195402A300D5578F /* SystemConfiguration.framework */; };
		D3AE1050195402C700D5578F /* Security.framework in Frameworks */ = {isa = PBXBuildFile; fileRef = D3AE104F195402C700D5578F /* Security.framework */; };
		D3AE1052195402CE00D5578F /* libz.dylib in Frameworks */ = {isa = PBXBuildFile; fileRef = D3AE1051195402CE00D5578F /* libz.dylib */; };
		D3AE1054195402EB00D5578F /* CoreLocation.framework in Frameworks */ = {isa = PBXBuildFile; fileRef = D3AE1053195402EB00D5578F /* CoreLocation.framework */; };
		D3AE10561954032400D5578F /* CFNetwork.framework in Frameworks */ = {isa = PBXBuildFile; fileRef = D3AE10551954032400D5578F /* CFNetwork.framework */; };
		D3AE10591954037E00D5578F /* FSBaseViewController.m in Sources */ = {isa = PBXBuildFile; fileRef = D3AE10581954037E00D5578F /* FSBaseViewController.m */; };
		D3C3F1F4196692E00082D87C /* home_bg@2x.png in Resources */ = {isa = PBXBuildFile; fileRef = D3C3F1F3196692E00082D87C /* home_bg@2x.png */; };
		D3C3F1F81966957D0082D87C /* basicBtn@2x.png in Resources */ = {isa = PBXBuildFile; fileRef = D3C3F1F51966957D0082D87C /* basicBtn@2x.png */; };
		D3C3F1F91966957D0082D87C /* bodyBtn@2x.png in Resources */ = {isa = PBXBuildFile; fileRef = D3C3F1F61966957D0082D87C /* bodyBtn@2x.png */; };
		D3C3F1FA1966957D0082D87C /* skillBtn@2x.png in Resources */ = {isa = PBXBuildFile; fileRef = D3C3F1F71966957D0082D87C /* skillBtn@2x.png */; };
		D3C3F1FC196695E60082D87C /* nav_bg@2x.png in Resources */ = {isa = PBXBuildFile; fileRef = D3C3F1FB196695E60082D87C /* nav_bg@2x.png */; };
		D3C3F2001966A71B0082D87C /* FSBasicViewController.m in Sources */ = {isa = PBXBuildFile; fileRef = D3C3F1FF1966A71B0082D87C /* FSBasicViewController.m */; };
/* End PBXBuildFile section */

/* Begin PBXContainerItemProxy section */
		D3AE10331953FFF800D5578F /* PBXContainerItemProxy */ = {
			isa = PBXContainerItemProxy;
			containerPortal = D3AE10021953FFF800D5578F /* Project object */;
			proxyType = 1;
			remoteGlobalIDString = D3AE10091953FFF800D5578F;
			remoteInfo = gsc;
		};
/* End PBXContainerItemProxy section */

/* Begin PBXFileReference section */
		D3A4DD6219654C6300748FBC /* MMDrawerBarButtonItem.h */ = {isa = PBXFileReference; fileEncoding = 4; lastKnownFileType = sourcecode.c.h; path = MMDrawerBarButtonItem.h; sourceTree = "<group>"; };
		D3A4DD6319654C6300748FBC /* MMDrawerBarButtonItem.m */ = {isa = PBXFileReference; fileEncoding = 4; lastKnownFileType = sourcecode.c.objc; path = MMDrawerBarButtonItem.m; sourceTree = "<group>"; };
		D3A4DD6419654C6300748FBC /* MMDrawerController.h */ = {isa = PBXFileReference; fileEncoding = 4; lastKnownFileType = sourcecode.c.h; path = MMDrawerController.h; sourceTree = "<group>"; };
		D3A4DD6519654C6300748FBC /* MMDrawerController.m */ = {isa = PBXFileReference; fileEncoding = 4; lastKnownFileType = sourcecode.c.objc; path = MMDrawerController.m; sourceTree = "<group>"; };
		D3A4DD6619654C6300748FBC /* MMDrawerVisualState.h */ = {isa = PBXFileReference; fileEncoding = 4; lastKnownFileType = sourcecode.c.h; path = MMDrawerVisualState.h; sourceTree = "<group>"; };
		D3A4DD6719654C6300748FBC /* MMDrawerVisualState.m */ = {isa = PBXFileReference; fileEncoding = 4; lastKnownFileType = sourcecode.c.objc; path = MMDrawerVisualState.m; sourceTree = "<group>"; };
		D3A4DD6819654C6300748FBC /* UIViewController+MMDrawerController.h */ = {isa = PBXFileReference; fileEncoding = 4; lastKnownFileType = sourcecode.c.h; path = "UIViewController+MMDrawerController.h"; sourceTree = "<group>"; };
		D3A4DD6919654C6300748FBC /* UIViewController+MMDrawerController.m */ = {isa = PBXFileReference; fileEncoding = 4; lastKnownFileType = sourcecode.c.objc; path = "UIViewController+MMDrawerController.m"; sourceTree = "<group>"; };
		D3A4DD6E19654FA600748FBC /* FSMenuViewController.h */ = {isa = PBXFileReference; fileEncoding = 4; lastKnownFileType = sourcecode.c.h; path = FSMenuViewController.h; sourceTree = "<group>"; };
		D3A4DD6F19654FA600748FBC /* FSMenuViewController.m */ = {isa = PBXFileReference; fileEncoding = 4; lastKnownFileType = sourcecode.c.objc; path = FSMenuViewController.m; sourceTree = "<group>"; };
		D3A4DD7119655D1900748FBC /* MMExampleDrawerVisualStateManager.h */ = {isa = PBXFileReference; fileEncoding = 4; lastKnownFileType = sourcecode.c.h; path = MMExampleDrawerVisualStateManager.h; sourceTree = "<group>"; };
		D3A4DD7219655D1900748FBC /* MMExampleDrawerVisualStateManager.m */ = {isa = PBXFileReference; fileEncoding = 4; lastKnownFileType = sourcecode.c.objc; path = MMExampleDrawerVisualStateManager.m; sourceTree = "<group>"; };
		D3AACBA61963E64800CEC893 /* OBShapedButton.h */ = {isa = PBXFileReference; fileEncoding = 4; lastKnownFileType = sourcecode.c.h; path = OBShapedButton.h; sourceTree = "<group>"; };
		D3AACBA71963E64800CEC893 /* OBShapedButton.m */ = {isa = PBXFileReference; fileEncoding = 4; lastKnownFileType = sourcecode.c.objc; path = OBShapedButton.m; sourceTree = "<group>"; };
		D3AACBAA1963E6D700CEC893 /* FSHomeViewController.h */ = {isa = PBXFileReference; fileEncoding = 4; lastKnownFileType = sourcecode.c.h; path = FSHomeViewController.h; sourceTree = "<group>"; };
		D3AACBAB1963E6D700CEC893 /* FSHomeViewController.m */ = {isa = PBXFileReference; fileEncoding = 4; lastKnownFileType = sourcecode.c.objc; path = FSHomeViewController.m; sourceTree = "<group>"; };
		D3AACBAD1963E7DD00CEC893 /* FSAppConfig.h */ = {isa = PBXFileReference; lastKnownFileType = sourcecode.c.h; path = FSAppConfig.h; sourceTree = "<group>"; };
		D3AACBAF1963E92D00CEC893 /* UILabel+attributed.h */ = {isa = PBXFileReference; fileEncoding = 4; lastKnownFileType = sourcecode.c.h; path = "UILabel+attributed.h"; sourceTree = "<group>"; };
		D3AACBB01963E92D00CEC893 /* UILabel+attributed.m */ = {isa = PBXFileReference; fileEncoding = 4; lastKnownFileType = sourcecode.c.objc; path = "UILabel+attributed.m"; sourceTree = "<group>"; };
		D3AACBB11963E92D00CEC893 /* UIButton+Block.h */ = {isa = PBXFileReference; fileEncoding = 4; lastKnownFileType = sourcecode.c.h; path = "UIButton+Block.h"; sourceTree = "<group>"; };
		D3AACBB21963E92D00CEC893 /* UIButton+Block.m */ = {isa = PBXFileReference; fileEncoding = 4; lastKnownFileType = sourcecode.c.objc; path = "UIButton+Block.m"; sourceTree = "<group>"; };
		D3AACBB31963E92D00CEC893 /* UIAlertView+Block.h */ = {isa = PBXFileReference; fileEncoding = 4; lastKnownFileType = sourcecode.c.h; path = "UIAlertView+Block.h"; sourceTree = "<group>"; };
		D3AACBB41963E92D00CEC893 /* UIAlertView+Block.m */ = {isa = PBXFileReference; fileEncoding = 4; lastKnownFileType = sourcecode.c.objc; path = "UIAlertView+Block.m"; sourceTree = "<group>"; };
		D3AACBB51963E92D00CEC893 /* NSString+size.h */ = {isa = PBXFileReference; fileEncoding = 4; lastKnownFileType = sourcecode.c.h; path = "NSString+size.h"; sourceTree = "<group>"; };
		D3AACBB61963E92D00CEC893 /* NSString+size.m */ = {isa = PBXFileReference; fileEncoding = 4; lastKnownFileType = sourcecode.c.objc; path = "NSString+size.m"; sourceTree = "<group>"; };
		D3AACBB91963E92D00CEC893 /* NSObject+Objects.h */ = {isa = PBXFileReference; fileEncoding = 4; lastKnownFileType = sourcecode.c.h; path = "NSObject+Objects.h"; sourceTree = "<group>"; };
		D3AACBBA1963E92D00CEC893 /* NSObject+Objects.m */ = {isa = PBXFileReference; fileEncoding = 4; lastKnownFileType = sourcecode.c.objc; path = "NSObject+Objects.m"; sourceTree = "<group>"; };
		D3AACBC11963EF2100CEC893 /* UIImage+ColorAtPixel.h */ = {isa = PBXFileReference; fileEncoding = 4; lastKnownFileType = sourcecode.c.h; path = "UIImage+ColorAtPixel.h"; sourceTree = "<group>"; };
		D3AACBC21963EF2100CEC893 /* UIImage+ColorAtPixel.m */ = {isa = PBXFileReference; fileEncoding = 4; lastKnownFileType = sourcecode.c.objc; path = "UIImage+ColorAtPixel.m"; sourceTree = "<group>"; };
		D3AE100A1953FFF800D5578F /* gsc.app */ = {isa = PBXFileReference; explicitFileType = wrapper.application; includeInIndex = 0; path = gsc.app; sourceTree = BUILT_PRODUCTS_DIR; };
		D3AE100D1953FFF800D5578F /* Foundation.framework */ = {isa = PBXFileReference; lastKnownFileType = wrapper.framework; name = Foundation.framework; path = System/Library/Frameworks/Foundation.framework; sourceTree = SDKROOT; };
		D3AE100F1953FFF800D5578F /* CoreGraphics.framework */ = {isa = PBXFileReference; lastKnownFileType = wrapper.framework; name = CoreGraphics.framework; path = System/Library/Frameworks/CoreGraphics.framework; sourceTree = SDKROOT; };
		D3AE10111953FFF800D5578F /* UIKit.framework */ = {isa = PBXFileReference; lastKnownFileType = wrapper.framework; name = UIKit.framework; path = System/Library/Frameworks/UIKit.framework; sourceTree = SDKROOT; };
		D3AE10151953FFF800D5578F /* gsc-Info.plist */ = {isa = PBXFileReference; lastKnownFileType = text.plist.xml; path = "gsc-Info.plist"; sourceTree = "<group>"; };
		D3AE10171953FFF800D5578F /* en */ = {isa = PBXFileReference; lastKnownFileType = text.plist.strings; name = en; path = en.lproj/InfoPlist.strings; sourceTree = "<group>"; };
		D3AE10191953FFF800D5578F /* main.m */ = {isa = PBXFileReference; lastKnownFileType = sourcecode.c.objc; path = main.m; sourceTree = "<group>"; };
		D3AE101B1953FFF800D5578F /* gsc-Prefix.pch */ = {isa = PBXFileReference; lastKnownFileType = sourcecode.c.h; path = "gsc-Prefix.pch"; sourceTree = "<group>"; };
		D3AE101C1953FFF800D5578F /* FSAppDelegate.h */ = {isa = PBXFileReference; lastKnownFileType = sourcecode.c.h; path = FSAppDelegate.h; sourceTree = "<group>"; };
		D3AE101D1953FFF800D5578F /* FSAppDelegate.m */ = {isa = PBXFileReference; lastKnownFileType = sourcecode.c.objc; path = FSAppDelegate.m; sourceTree = "<group>"; };
		D3AE10201953FFF800D5578F /* Base */ = {isa = PBXFileReference; lastKnownFileType = file.storyboard; name = Base; path = Base.lproj/Main_iPhone.storyboard; sourceTree = "<group>"; };
		D3AE10231953FFF800D5578F /* Base */ = {isa = PBXFileReference; lastKnownFileType = file.storyboard; name = Base; path = Base.lproj/Main_iPad.storyboard; sourceTree = "<group>"; };
		D3AE10251953FFF800D5578F /* FSViewController.h */ = {isa = PBXFileReference; lastKnownFileType = sourcecode.c.h; path = FSViewController.h; sourceTree = "<group>"; };
		D3AE10261953FFF800D5578F /* FSViewController.m */ = {isa = PBXFileReference; lastKnownFileType = sourcecode.c.objc; path = FSViewController.m; sourceTree = "<group>"; };
		D3AE10281953FFF800D5578F /* Images.xcassets */ = {isa = PBXFileReference; lastKnownFileType = folder.assetcatalog; path = Images.xcassets; sourceTree = "<group>"; };
		D3AE102E1953FFF800D5578F /* gscTests.xctest */ = {isa = PBXFileReference; explicitFileType = wrapper.cfbundle; includeInIndex = 0; path = gscTests.xctest; sourceTree = BUILT_PRODUCTS_DIR; };
		D3AE102F1953FFF800D5578F /* XCTest.framework */ = {isa = PBXFileReference; lastKnownFileType = wrapper.framework; name = XCTest.framework; path = Library/Frameworks/XCTest.framework; sourceTree = DEVELOPER_DIR; };
		D3AE10371953FFF800D5578F /* gscTests-Info.plist */ = {isa = PBXFileReference; lastKnownFileType = text.plist.xml; path = "gscTests-Info.plist"; sourceTree = "<group>"; };
		D3AE10391953FFF800D5578F /* en */ = {isa = PBXFileReference; lastKnownFileType = text.plist.strings; name = en; path = en.lproj/InfoPlist.strings; sourceTree = "<group>"; };
		D3AE103B1953FFF800D5578F /* gscTests.m */ = {isa = PBXFileReference; lastKnownFileType = sourcecode.c.objc; path = gscTests.m; sourceTree = "<group>"; };
		D3AE104B1954025A00D5578F /* BmobSDK.framework */ = {isa = PBXFileReference; lastKnownFileType = wrapper.framework; path = BmobSDK.framework; sourceTree = "<group>"; };
		D3AE104D195402A300D5578F /* SystemConfiguration.framework */ = {isa = PBXFileReference; lastKnownFileType = wrapper.framework; name = SystemConfiguration.framework; path = System/Library/Frameworks/SystemConfiguration.framework; sourceTree = SDKROOT; };
		D3AE104F195402C700D5578F /* Security.framework */ = {isa = PBXFileReference; lastKnownFileType = wrapper.framework; name = Security.framework; path = System/Library/Frameworks/Security.framework; sourceTree = SDKROOT; };
		D3AE1051195402CE00D5578F /* libz.dylib */ = {isa = PBXFileReference; lastKnownFileType = "compiled.mach-o.dylib"; name = libz.dylib; path = usr/lib/libz.dylib; sourceTree = SDKROOT; };
		D3AE1053195402EB00D5578F /* CoreLocation.framework */ = {isa = PBXFileReference; lastKnownFileType = wrapper.framework; name = CoreLocation.framework; path = System/Library/Frameworks/CoreLocation.framework; sourceTree = SDKROOT; };
		D3AE10551954032400D5578F /* CFNetwork.framework */ = {isa = PBXFileReference; lastKnownFileType = wrapper.framework; name = CFNetwork.framework; path = System/Library/Frameworks/CFNetwork.framework; sourceTree = SDKROOT; };
		D3AE10571954037E00D5578F /* FSBaseViewController.h */ = {isa = PBXFileReference; fileEncoding = 4; lastKnownFileType = sourcecode.c.h; path = FSBaseViewController.h; sourceTree = "<group>"; };
		D3AE10581954037E00D5578F /* FSBaseViewController.m */ = {isa = PBXFileReference; fileEncoding = 4; lastKnownFileType = sourcecode.c.objc; path = FSBaseViewController.m; sourceTree = "<group>"; };
		D3C3F1F3196692E00082D87C /* home_bg@2x.png */ = {isa = PBXFileReference; lastKnownFileType = image.png; path = "home_bg@2x.png"; sourceTree = "<group>"; };
		D3C3F1F51966957D0082D87C /* basicBtn@2x.png */ = {isa = PBXFileReference; lastKnownFileType = image.png; path = "basicBtn@2x.png"; sourceTree = "<group>"; };
		D3C3F1F61966957D0082D87C /* bodyBtn@2x.png */ = {isa = PBXFileReference; lastKnownFileType = image.png; path = "bodyBtn@2x.png"; sourceTree = "<group>"; };
		D3C3F1F71966957D0082D87C /* skillBtn@2x.png */ = {isa = PBXFileReference; lastKnownFileType = image.png; path = "skillBtn@2x.png"; sourceTree = "<group>"; };
		D3C3F1FB196695E60082D87C /* nav_bg@2x.png */ = {isa = PBXFileReference; lastKnownFileType = image.png; path = "nav_bg@2x.png"; sourceTree = "<group>"; };
		D3C3F1FE1966A71B0082D87C /* FSBasicViewController.h */ = {isa = PBXFileReference; fileEncoding = 4; lastKnownFileType = sourcecode.c.h; path = FSBasicViewController.h; sourceTree = "<group>"; };
		D3C3F1FF1966A71B0082D87C /* FSBasicViewController.m */ = {isa = PBXFileReference; fileEncoding = 4; lastKnownFileType = sourcecode.c.objc; path = FSBasicViewController.m; sourceTree = "<group>"; };
/* End PBXFileReference section */

/* Begin PBXFrameworksBuildPhase section */
		D3AE10071953FFF800D5578F /* Frameworks */ = {
			isa = PBXFrameworksBuildPhase;
			buildActionMask = 2147483647;
			files = (
				D3AE10561954032400D5578F /* CFNetwork.framework in Frameworks */,
				D3AE1054195402EB00D5578F /* CoreLocation.framework in Frameworks */,
				D3AE1052195402CE00D5578F /* libz.dylib in Frameworks */,
				D3AE1050195402C700D5578F /* Security.framework in Frameworks */,
				D3AE104E195402A300D5578F /* SystemConfiguration.framework in Frameworks */,
				D3AE10101953FFF800D5578F /* CoreGraphics.framework in Frameworks */,
				D3AE10121953FFF800D5578F /* UIKit.framework in Frameworks */,
				D3AE100E1953FFF800D5578F /* Foundation.framework in Frameworks */,
				D3AE104C1954025A00D5578F /* BmobSDK.framework in Frameworks */,
			);
			runOnlyForDeploymentPostprocessing = 0;
		};
		D3AE102B1953FFF800D5578F /* Frameworks */ = {
			isa = PBXFrameworksBuildPhase;
			buildActionMask = 2147483647;
			files = (
				D3AE10301953FFF800D5578F /* XCTest.framework in Frameworks */,
				D3AE10321953FFF800D5578F /* UIKit.framework in Frameworks */,
				D3AE10311953FFF800D5578F /* Foundation.framework in Frameworks */,
			);
			runOnlyForDeploymentPostprocessing = 0;
		};
/* End PBXFrameworksBuildPhase section */

/* Begin PBXGroup section */
		D3A4DD6119654C6300748FBC /* MMDrawerController */ = {
			isa = PBXGroup;
			children = (
				D3A4DD6219654C6300748FBC /* MMDrawerBarButtonItem.h */,
				D3A4DD6319654C6300748FBC /* MMDrawerBarButtonItem.m */,
				D3A4DD6419654C6300748FBC /* MMDrawerController.h */,
				D3A4DD6519654C6300748FBC /* MMDrawerController.m */,
				D3A4DD6619654C6300748FBC /* MMDrawerVisualState.h */,
				D3A4DD6719654C6300748FBC /* MMDrawerVisualState.m */,
				D3A4DD6819654C6300748FBC /* UIViewController+MMDrawerController.h */,
				D3A4DD6919654C6300748FBC /* UIViewController+MMDrawerController.m */,
				D3A4DD7119655D1900748FBC /* MMExampleDrawerVisualStateManager.h */,
				D3A4DD7219655D1900748FBC /* MMExampleDrawerVisualStateManager.m */,
			);
			path = MMDrawerController;
			sourceTree = "<group>";
		};
		D3AACBA51963E64800CEC893 /* OBShapedButton */ = {
			isa = PBXGroup;
			children = (
				D3AACBC11963EF2100CEC893 /* UIImage+ColorAtPixel.h */,
				D3AACBC21963EF2100CEC893 /* UIImage+ColorAtPixel.m */,
				D3AACBA61963E64800CEC893 /* OBShapedButton.h */,
				D3AACBA71963E64800CEC893 /* OBShapedButton.m */,
			);
			path = OBShapedButton;
			sourceTree = "<group>";
		};
		D3AACBA91963E6C100CEC893 /* Home */ = {
			isa = PBXGroup;
			children = (
				D3AACBAA1963E6D700CEC893 /* FSHomeViewController.h */,
				D3AACBAB1963E6D700CEC893 /* FSHomeViewController.m */,
			);
			path = Home;
			sourceTree = "<group>";
		};
		D3AACBAE1963E8B400CEC893 /* category */ = {
			isa = PBXGroup;
			children = (
				D3AACBAF1963E92D00CEC893 /* UILabel+attributed.h */,
				D3AACBB01963E92D00CEC893 /* UILabel+attributed.m */,
				D3AACBB11963E92D00CEC893 /* UIButton+Block.h */,
				D3AACBB21963E92D00CEC893 /* UIButton+Block.m */,
				D3AACBB31963E92D00CEC893 /* UIAlertView+Block.h */,
				D3AACBB41963E92D00CEC893 /* UIAlertView+Block.m */,
				D3AACBB51963E92D00CEC893 /* NSString+size.h */,
				D3AACBB61963E92D00CEC893 /* NSString+size.m */,
				D3AACBB91963E92D00CEC893 /* NSObject+Objects.h */,
				D3AACBBA1963E92D00CEC893 /* NSObject+Objects.m */,
			);
			path = category;
			sourceTree = "<group>";
		};
		D3AE10011953FFF800D5578F = {
			isa = PBXGroup;
			children = (
				D3AE10131953FFF800D5578F /* gsc */,
				D3AE10351953FFF800D5578F /* gscTests */,
				D3AE100C1953FFF800D5578F /* Frameworks */,
				D3AE100B1953FFF800D5578F /* Products */,
			);
			sourceTree = "<group>";
		};
		D3AE100B1953FFF800D5578F /* Products */ = {
			isa = PBXGroup;
			children = (
				D3AE100A1953FFF800D5578F /* gsc.app */,
				D3AE102E1953FFF800D5578F /* gscTests.xctest */,
			);
			name = Products;
			sourceTree = "<group>";
		};
		D3AE100C1953FFF800D5578F /* Frameworks */ = {
			isa = PBXGroup;
			children = (
				D3AE10551954032400D5578F /* CFNetwork.framework */,
				D3AE1053195402EB00D5578F /* CoreLocation.framework */,
				D3AE1051195402CE00D5578F /* libz.dylib */,
				D3AE104F195402C700D5578F /* Security.framework */,
				D3AE104D195402A300D5578F /* SystemConfiguration.framework */,
				D3AE104B1954025A00D5578F /* BmobSDK.framework */,
				D3AE100D1953FFF800D5578F /* Foundation.framework */,
				D3AE100F1953FFF800D5578F /* CoreGraphics.framework */,
				D3AE10111953FFF800D5578F /* UIKit.framework */,
				D3AE102F1953FFF800D5578F /* XCTest.framework */,
			);
			name = Frameworks;
			sourceTree = "<group>";
		};
		D3AE10131953FFF800D5578F /* gsc */ = {
			isa = PBXGroup;
			children = (
				D3AE10451954009000D5578F /* Classes */,
				D3AE10461954009000D5578F /* Libs */,
				D3AE10471954009000D5578F /* Resources */,
				D3AE101C1953FFF800D5578F /* FSAppDelegate.h */,
				D3AE101D1953FFF800D5578F /* FSAppDelegate.m */,
				D3AE101F1953FFF800D5578F /* Main_iPhone.storyboard */,
				D3AE10221953FFF800D5578F /* Main_iPad.storyboard */,
				D3AE10251953FFF800D5578F /* FSViewController.h */,
				D3AE10261953FFF800D5578F /* FSViewController.m */,
				D3AE10281953FFF800D5578F /* Images.xcassets */,
				D3AE10141953FFF800D5578F /* Supporting Files */,
			);
			path = gsc;
			sourceTree = "<group>";
		};
		D3AE10141953FFF800D5578F /* Supporting Files */ = {
			isa = PBXGroup;
			children = (
				D3AE10151953FFF800D5578F /* gsc-Info.plist */,
				D3AE10161953FFF800D5578F /* InfoPlist.strings */,
				D3AE10191953FFF800D5578F /* main.m */,
				D3AE101B1953FFF800D5578F /* gsc-Prefix.pch */,
			);
			name = "Supporting Files";
			sourceTree = "<group>";
		};
		D3AE10351953FFF800D5578F /* gscTests */ = {
			isa = PBXGroup;
			children = (
				D3AE103B1953FFF800D5578F /* gscTests.m */,
				D3AE10361953FFF800D5578F /* Supporting Files */,
			);
			path = gscTests;
			sourceTree = "<group>";
		};
		D3AE10361953FFF800D5578F /* Supporting Files */ = {
			isa = PBXGroup;
			children = (
				D3AE10371953FFF800D5578F /* gscTests-Info.plist */,
				D3AE10381953FFF800D5578F /* InfoPlist.strings */,
			);
			name = "Supporting Files";
			sourceTree = "<group>";
		};
		D3AE10451954009000D5578F /* Classes */ = {
			isa = PBXGroup;
			children = (
				D3AE1049195400FE00D5578F /* Data */,
				D3AE104A195400FE00D5578F /* Pages */,
				D3AE1048195400BF00D5578F /* Common */,
			);
			path = Classes;
			sourceTree = "<group>";
		};
		D3AE10461954009000D5578F /* Libs */ = {
			isa = PBXGroup;
			children = (
				D3A4DD6119654C6300748FBC /* MMDrawerController */,
			);
			path = Libs;
			sourceTree = "<group>";
		};
		D3AE10471954009000D5578F /* Resources */ = {
			isa = PBXGroup;
			children = (
				D3C3F1FB196695E60082D87C /* nav_bg@2x.png */,
				D3C3F1F51966957D0082D87C /* basicBtn@2x.png */,
				D3C3F1F61966957D0082D87C /* bodyBtn@2x.png */,
				D3C3F1F71966957D0082D87C /* skillBtn@2x.png */,
				D3C3F1F3196692E00082D87C /* home_bg@2x.png */,
			);
			path = Resources;
			sourceTree = "<group>";
		};
		D3AE1048195400BF00D5578F /* Common */ = {
			isa = PBXGroup;
			children = (
				D3AACBAE1963E8B400CEC893 /* category */,
				D3AACBA51963E64800CEC893 /* OBShapedButton */,
				D3AACBAD1963E7DD00CEC893 /* FSAppConfig.h */,
			);
			path = Common;
			sourceTree = "<group>";
		};
		D3AE1049195400FE00D5578F /* Data */ = {
			isa = PBXGroup;
			children = (
			);
			path = Data;
			sourceTree = "<group>";
		};
		D3AE104A195400FE00D5578F /* Pages */ = {
			isa = PBXGroup;
			children = (
				D3C3F1FD1966A7080082D87C /* Basic */,
				D3AACBA91963E6C100CEC893 /* Home */,
				D3AE10571954037E00D5578F /* FSBaseViewController.h */,
				D3AE10581954037E00D5578F /* FSBaseViewController.m */,
				D3A4DD6E19654FA600748FBC /* FSMenuViewController.h */,
				D3A4DD6F19654FA600748FBC /* FSMenuViewController.m */,
			);
			path = Pages;
			sourceTree = "<group>";
		};
		D3C3F1FD1966A7080082D87C /* Basic */ = {
			isa = PBXGroup;
			children = (
				D3C3F1FE1966A71B0082D87C /* FSBasicViewController.h */,
				D3C3F1FF1966A71B0082D87C /* FSBasicViewController.m */,
			);
			path = Basic;
			sourceTree = "<group>";
		};
/* End PBXGroup section */

/* Begin PBXNativeTarget section */
		D3AE10091953FFF800D5578F /* gsc */ = {
			isa = PBXNativeTarget;
			buildConfigurationList = D3AE103F1953FFF800D5578F /* Build configuration list for PBXNativeTarget "gsc" */;
			buildPhases = (
				D3AE10061953FFF800D5578F /* Sources */,
				D3AE10071953FFF800D5578F /* Frameworks */,
				D3AE10081953FFF800D5578F /* Resources */,
			);
			buildRules = (
			);
			dependencies = (
			);
			name = gsc;
			productName = gsc;
			productReference = D3AE100A1953FFF800D5578F /* gsc.app */;
			productType = "com.apple.product-type.application";
		};
		D3AE102D1953FFF800D5578F /* gscTests */ = {
			isa = PBXNativeTarget;
			buildConfigurationList = D3AE10421953FFF800D5578F /* Build configuration list for PBXNativeTarget "gscTests" */;
			buildPhases = (
				D3AE102A1953FFF800D5578F /* Sources */,
				D3AE102B1953FFF800D5578F /* Frameworks */,
				D3AE102C1953FFF800D5578F /* Resources */,
			);
			buildRules = (
			);
			dependencies = (
				D3AE10341953FFF800D5578F /* PBXTargetDependency */,
			);
			name = gscTests;
			productName = gscTests;
			productReference = D3AE102E1953FFF800D5578F /* gscTests.xctest */;
			productType = "com.apple.product-type.bundle.unit-test";
		};
/* End PBXNativeTarget section */

/* Begin PBXProject section */
		D3AE10021953FFF800D5578F /* Project object */ = {
			isa = PBXProject;
			attributes = {
				CLASSPREFIX = FS;
				LastUpgradeCheck = 0510;
				ORGANIZATIONNAME = "Fuleco studio";
				TargetAttributes = {
					D3AE102D1953FFF800D5578F = {
						TestTargetID = D3AE10091953FFF800D5578F;
					};
				};
			};
			buildConfigurationList = D3AE10051953FFF800D5578F /* Build configuration list for PBXProject "gsc" */;
			compatibilityVersion = "Xcode 3.2";
			developmentRegion = English;
			hasScannedForEncodings = 0;
			knownRegions = (
				en,
				Base,
			);
			mainGroup = D3AE10011953FFF800D5578F;
			productRefGroup = D3AE100B1953FFF800D5578F /* Products */;
			projectDirPath = "";
			projectRoot = "";
			targets = (
				D3AE10091953FFF800D5578F /* gsc */,
				D3AE102D1953FFF800D5578F /* gscTests */,
			);
		};
/* End PBXProject section */

/* Begin PBXResourcesBuildPhase section */
		D3AE10081953FFF800D5578F /* Resources */ = {
			isa = PBXResourcesBuildPhase;
			buildActionMask = 2147483647;
			files = (
				D3C3F1F81966957D0082D87C /* basicBtn@2x.png in Resources */,
				D3AE10241953FFF800D5578F /* Main_iPad.storyboard in Resources */,
				D3AE10291953FFF800D5578F /* Images.xcassets in Resources */,
				D3C3F1FC196695E60082D87C /* nav_bg@2x.png in Resources */,
				D3AE10211953FFF800D5578F /* Main_iPhone.storyboard in Resources */,
				D3C3F1F4196692E00082D87C /* home_bg@2x.png in Resources */,
				D3C3F1F91966957D0082D87C /* bodyBtn@2x.png in Resources */,
				D3AE10181953FFF800D5578F /* InfoPlist.strings in Resources */,
				D3C3F1FA1966957D0082D87C /* skillBtn@2x.png in Resources */,
			);
			runOnlyForDeploymentPostprocessing = 0;
		};
		D3AE102C1953FFF800D5578F /* Resources */ = {
			isa = PBXResourcesBuildPhase;
			buildActionMask = 2147483647;
			files = (
				D3AE103A1953FFF800D5578F /* InfoPlist.strings in Resources */,
			);
			runOnlyForDeploymentPostprocessing = 0;
		};
/* End PBXResourcesBuildPhase section */

/* Begin PBXSourcesBuildPhase section */
		D3AE10061953FFF800D5578F /* Sources */ = {
			isa = PBXSourcesBuildPhase;
			buildActionMask = 2147483647;
			files = (
				D3A4DD6C19654C6300748FBC /* MMDrawerVisualState.m in Sources */,
				D3A4DD7319655D1900748FBC /* MMExampleDrawerVisualStateManager.m in Sources */,
				D3C3F2001966A71B0082D87C /* FSBasicViewController.m in Sources */,
				D3AACBBE1963E92D00CEC893 /* NSString+size.m in Sources */,
				D3AACBAC1963E6D700CEC893 /* FSHomeViewController.m in Sources */,
				D3A4DD6B19654C6300748FBC /* MMDrawerController.m in Sources */,
				D3AACBC01963E92D00CEC893 /* NSObject+Objects.m in Sources */,
				D3AACBA81963E64800CEC893 /* OBShapedButton.m in Sources */,
				D3A4DD7019654FA600748FBC /* FSMenuViewController.m in Sources */,
				D3AACBBB1963E92D00CEC893 /* UILabel+attributed.m in Sources */,
				D3AACBBC1963E92D00CEC893 /* UIButton+Block.m in Sources */,
				D3AE10591954037E00D5578F /* FSBaseViewController.m in Sources */,
				D3AE101A1953FFF800D5578F /* main.m in Sources */,
				D3AACBBD1963E92D00CEC893 /* UIAlertView+Block.m in Sources */,
				D3A4DD6D19654C6300748FBC /* UIViewController+MMDrawerController.m in Sources */,
				D3AE101E1953FFF800D5578F /* FSAppDelegate.m in Sources */,
				D3AE10271953FFF800D5578F /* FSViewController.m in Sources */,
				D3A4DD6A19654C6300748FBC /* MMDrawerBarButtonItem.m in Sources */,
				D3AACBC31963EF2100CEC893 /* UIImage+ColorAtPixel.m in Sources */,
			);
			runOnlyForDeploymentPostprocessing = 0;
		};
		D3AE102A1953FFF800D5578F /* Sources */ = {
			isa = PBXSourcesBuildPhase;
			buildActionMask = 2147483647;
			files = (
				D3AE103C1953FFF800D5578F /* gscTests.m in Sources */,
			);
			runOnlyForDeploymentPostprocessing = 0;
		};
/* End PBXSourcesBuildPhase section */

/* Begin PBXTargetDependency section */
		D3AE10341953FFF800D5578F /* PBXTargetDependency */ = {
			isa = PBXTargetDependency;
			target = D3AE10091953FFF800D5578F /* gsc */;
			targetProxy = D3AE10331953FFF800D5578F /* PBXContainerItemProxy */;
		};
/* End PBXTargetDependency section */

/* Begin PBXVariantGroup section */
		D3AE10161953FFF800D5578F /* InfoPlist.strings */ = {
			isa = PBXVariantGroup;
			children = (
				D3AE10171953FFF800D5578F /* en */,
			);
			name = InfoPlist.strings;
			sourceTree = "<group>";
		};
		D3AE101F1953FFF800D5578F /* Main_iPhone.storyboard */ = {
			isa = PBXVariantGroup;
			children = (
				D3AE10201953FFF800D5578F /* Base */,
			);
			name = Main_iPhone.storyboard;
			sourceTree = "<group>";
		};
		D3AE10221953FFF800D5578F /* Main_iPad.storyboard */ = {
			isa = PBXVariantGroup;
			children = (
				D3AE10231953FFF800D5578F /* Base */,
			);
			name = Main_iPad.storyboard;
			sourceTree = "<group>";
		};
		D3AE10381953FFF800D5578F /* InfoPlist.strings */ = {
			isa = PBXVariantGroup;
			children = (
				D3AE10391953FFF800D5578F /* en */,
			);
			name = InfoPlist.strings;
			sourceTree = "<group>";
		};
/* End PBXVariantGroup section */

/* Begin XCBuildConfiguration section */
		D3AE103D1953FFF800D5578F /* Debug */ = {
			isa = XCBuildConfiguration;
			buildSettings = {
				ALWAYS_SEARCH_USER_PATHS = NO;
				CLANG_CXX_LANGUAGE_STANDARD = "gnu++0x";
				CLANG_CXX_LIBRARY = "libc++";
				CLANG_ENABLE_MODULES = YES;
				CLANG_ENABLE_OBJC_ARC = YES;
				CLANG_WARN_BOOL_CONVERSION = YES;
				CLANG_WARN_CONSTANT_CONVERSION = YES;
				CLANG_WARN_DIRECT_OBJC_ISA_USAGE = YES_ERROR;
				CLANG_WARN_EMPTY_BODY = YES;
				CLANG_WARN_ENUM_CONVERSION = YES;
				CLANG_WARN_INT_CONVERSION = YES;
				CLANG_WARN_OBJC_ROOT_CLASS = YES_ERROR;
				CLANG_WARN__DUPLICATE_METHOD_MATCH = YES;
				"CODE_SIGN_IDENTITY[sdk=iphoneos*]" = "iPhone Developer";
				COPY_PHASE_STRIP = NO;
				GCC_C_LANGUAGE_STANDARD = gnu99;
				GCC_DYNAMIC_NO_PIC = NO;
				GCC_OPTIMIZATION_LEVEL = 0;
				GCC_PREPROCESSOR_DEFINITIONS = (
					"DEBUG=1",
					"$(inherited)",
				);
				GCC_SYMBOLS_PRIVATE_EXTERN = NO;
				GCC_WARN_64_TO_32_BIT_CONVERSION = YES;
				GCC_WARN_ABOUT_RETURN_TYPE = YES_ERROR;
				GCC_WARN_UNDECLARED_SELECTOR = YES;
				GCC_WARN_UNINITIALIZED_AUTOS = YES_AGGRESSIVE;
				GCC_WARN_UNUSED_FUNCTION = YES;
				GCC_WARN_UNUSED_VARIABLE = YES;
				IPHONEOS_DEPLOYMENT_TARGET = 7.0;
				ONLY_ACTIVE_ARCH = YES;
				SDKROOT = iphoneos;
				TARGETED_DEVICE_FAMILY = "1,2";
			};
			name = Debug;
		};
		D3AE103E1953FFF800D5578F /* Release */ = {
			isa = XCBuildConfiguration;
			buildSettings = {
				ALWAYS_SEARCH_USER_PATHS = NO;
				CLANG_CXX_LANGUAGE_STANDARD = "gnu++0x";
				CLANG_CXX_LIBRARY = "libc++";
				CLANG_ENABLE_MODULES = YES;
				CLANG_ENABLE_OBJC_ARC = YES;
				CLANG_WARN_BOOL_CONVERSION = YES;
				CLANG_WARN_CONSTANT_CONVERSION = YES;
				CLANG_WARN_DIRECT_OBJC_ISA_USAGE = YES_ERROR;
				CLANG_WARN_EMPTY_BODY = YES;
				CLANG_WARN_ENUM_CONVERSION = YES;
				CLANG_WARN_INT_CONVERSION = YES;
				CLANG_WARN_OBJC_ROOT_CLASS = YES_ERROR;
				CLANG_WARN__DUPLICATE_METHOD_MATCH = YES;
				"CODE_SIGN_IDENTITY[sdk=iphoneos*]" = "iPhone Developer";
				COPY_PHASE_STRIP = YES;
				ENABLE_NS_ASSERTIONS = NO;
				GCC_C_LANGUAGE_STANDARD = gnu99;
				GCC_WARN_64_TO_32_BIT_CONVERSION = YES;
				GCC_WARN_ABOUT_RETURN_TYPE = YES_ERROR;
				GCC_WARN_UNDECLARED_SELECTOR = YES;
				GCC_WARN_UNINITIALIZED_AUTOS = YES_AGGRESSIVE;
				GCC_WARN_UNUSED_FUNCTION = YES;
				GCC_WARN_UNUSED_VARIABLE = YES;
				IPHONEOS_DEPLOYMENT_TARGET = 7.0;
				SDKROOT = iphoneos;
				TARGETED_DEVICE_FAMILY = "1,2";
				VALIDATE_PRODUCT = YES;
			};
			name = Release;
		};
		D3AE10401953FFF800D5578F /* Debug */ = {
			isa = XCBuildConfiguration;
			buildSettings = {
				ASSETCATALOG_COMPILER_APPICON_NAME = AppIcon;
				ASSETCATALOG_COMPILER_LAUNCHIMAGE_NAME = LaunchImage;
				FRAMEWORK_SEARCH_PATHS = (
					"$(inherited)",
					"$(PROJECT_DIR)",
				);
				GCC_PRECOMPILE_PREFIX_HEADER = YES;
				GCC_PREFIX_HEADER = "gsc/gsc-Prefix.pch";
				INFOPLIST_FILE = "gsc/gsc-Info.plist";
				IPHONEOS_DEPLOYMENT_TARGET = 7.0;
				PRODUCT_NAME = "$(TARGET_NAME)";
				TARGETED_DEVICE_FAMILY = 1;
				WRAPPER_EXTENSION = app;
			};
			name = Debug;
		};
		D3AE10411953FFF800D5578F /* Release */ = {
			isa = XCBuildConfiguration;
			buildSettings = {
				ASSETCATALOG_COMPILER_APPICON_NAME = AppIcon;
				ASSETCATALOG_COMPILER_LAUNCHIMAGE_NAME = LaunchImage;
				FRAMEWORK_SEARCH_PATHS = (
					"$(inherited)",
					"$(PROJECT_DIR)",
				);
				GCC_PRECOMPILE_PREFIX_HEADER = YES;
				GCC_PREFIX_HEADER = "gsc/gsc-Prefix.pch";
				INFOPLIST_FILE = "gsc/gsc-Info.plist";
				IPHONEOS_DEPLOYMENT_TARGET = 7.0;
				PRODUCT_NAME = "$(TARGET_NAME)";
				TARGETED_DEVICE_FAMILY = 1;
				WRAPPER_EXTENSION = app;
			};
			name = Release;
		};
		D3AE10431953FFF800D5578F /* Debug */ = {
			isa = XCBuildConfiguration;
			buildSettings = {
				BUNDLE_LOADER = "$(BUILT_PRODUCTS_DIR)/gsc.app/gsc";
				FRAMEWORK_SEARCH_PATHS = (
					"$(SDKROOT)/Developer/Library/Frameworks",
					"$(inherited)",
					"$(DEVELOPER_FRAMEWORKS_DIR)",
				);
				GCC_PRECOMPILE_PREFIX_HEADER = YES;
				GCC_PREFIX_HEADER = "gsc/gsc-Prefix.pch";
				GCC_PREPROCESSOR_DEFINITIONS = (
					"DEBUG=1",
					"$(inherited)",
				);
				INFOPLIST_FILE = "gscTests/gscTests-Info.plist";
				PRODUCT_NAME = "$(TARGET_NAME)";
				TEST_HOST = "$(BUNDLE_LOADER)";
				WRAPPER_EXTENSION = xctest;
			};
			name = Debug;
		};
		D3AE10441953FFF800D5578F /* Release */ = {
			isa = XCBuildConfiguration;
			buildSettings = {
				BUNDLE_LOADER = "$(BUILT_PRODUCTS_DIR)/gsc.app/gsc";
				FRAMEWORK_SEARCH_PATHS = (
					"$(SDKROOT)/Developer/Library/Frameworks",
					"$(inherited)",
					"$(DEVELOPER_FRAMEWORKS_DIR)",
				);
				GCC_PRECOMPILE_PREFIX_HEADER = YES;
				GCC_PREFIX_HEADER = "gsc/gsc-Prefix.pch";
				INFOPLIST_FILE = "gscTests/gscTests-Info.plist";
				PRODUCT_NAME = "$(TARGET_NAME)";
				TEST_HOST = "$(BUNDLE_LOADER)";
				WRAPPER_EXTENSION = xctest;
			};
			name = Release;
		};
/* End XCBuildConfiguration section */

/* Begin XCConfigurationList section */
		D3AE10051953FFF800D5578F /* Build configuration list for PBXProject "gsc" */ = {
			isa = XCConfigurationList;
			buildConfigurations = (
				D3AE103D1953FFF800D5578F /* Debug */,
				D3AE103E1953FFF800D5578F /* Release */,
			);
			defaultConfigurationIsVisible = 0;
			defaultConfigurationName = Release;
		};
		D3AE103F1953FFF800D5578F /* Build configuration list for PBXNativeTarget "gsc" */ = {
			isa = XCConfigurationList;
			buildConfigurations = (
				D3AE10401953FFF800D5578F /* Debug */,
				D3AE10411953FFF800D5578F /* Release */,
			);
			defaultConfigurationIsVisible = 0;
			defaultConfigurationName = Release;
		};
		D3AE10421953FFF800D5578F /* Build configuration list for PBXNativeTarget "gscTests" */ = {
			isa = XCConfigurationList;
			buildConfigurations = (
				D3AE10431953FFF800D5578F /* Debug */,
				D3AE10441953FFF800D5578F /* Release */,
			);
			defaultConfigurationIsVisible = 0;
			defaultConfigurationName = Release;
		};
/* End XCConfigurationList section */
	};
	rootObject = D3AE10021953FFF800D5578F /* Project object */;
}
